
Microsoft Visual Studio Solution File, Format Version 12.00
# Visual Studio Version 17
VisualStudioVersion = 17.11.35222.181
MinimumVisualStudioVersion = 10.0.40219.1
Project("{FAE04EC0-301F-11D3-BF4B-00C04F79EFBC}") = "LibraryAPI", "BibliotekAPI\LibraryAPI.csproj", "{A7FD34B8-EE51-46E3-BF0C-39548D2B4BA0}"
EndProject
Project("{FAE04EC0-301F-11D3-BF4B-00C04F79EFBC}") = "MVC-LibraryAPI", "MVC-LibraryAPI\MVC-LibraryAPI.csproj", "{77436CF7-E943-4D46-A41A-F6D23F62AE24}"
EndProject
Global
	GlobalSection(SolutionConfigurationPlatforms) = preSolution
		Debug|Any CPU = Debug|Any CPU
		Release|Any CPU = Release|Any CPU
	EndGlobalSection
	GlobalSection(ProjectConfigurationPlatforms) = postSolution
		{A7FD34B8-EE51-46E3-BF0C-39548D2B4BA0}.Debug|Any CPU.ActiveCfg = Debug|Any CPU
		{A7FD34B8-EE51-46E3-BF0C-39548D2B4BA0}.Debug|Any CPU.Build.0 = Debug|Any CPU
		{A7FD34B8-EE51-46E3-BF0C-39548D2B4BA0}.Release|Any CPU.ActiveCfg = Release|Any CPU
		{A7FD34B8-EE51-46E3-BF0C-39548D2B4BA0}.Release|Any CPU.Build.0 = Release|Any CPU
		{77436CF7-E943-4D46-A41A-F6D23F62AE24}.Debug|Any CPU.ActiveCfg = Debug|Any CPU
		{77436CF7-E943-4D46-A41A-F6D23F62AE24}.Debug|Any CPU.Build.0 = Debug|Any CPU
		{77436CF7-E943-4D46-A41A-F6D23F62AE24}.Release|Any CPU.ActiveCfg = Release|Any CPU
		{77436CF7-E943-4D46-A41A-F6D23F62AE24}.Release|Any CPU.Build.0 = Release|Any CPU
	EndGlobalSection
	GlobalSection(SolutionProperties) = preSolution
		HideSolutionNode = FALSE
	EndGlobalSection
	GlobalSection(ExtensibilityGlobals) = postSolution
		SolutionGuid = {153691C5-F9ED-4018-B5CB-902A4F320997}
	EndGlobalSection
EndGlobal
